
Microsoft Visual Studio Solution File, Format Version 12.00
# Visual Studio 15
VisualStudioVersion = 15.0.27130.2024
MinimumVisualStudioVersion = 10.0.40219.1
Project("{FAE04EC0-301F-11D3-BF4B-00C04F79EFBC}") = "Jul8Compiler", "Compiler\Jul8Compiler.csproj", "{C04E0741-0692-4AF6-8C77-B85B8099B3CF}"
EndProject
Global
	GlobalSection(SolutionConfigurationPlatforms) = preSolution
		Debug|Any CPU = Debug|Any CPU
		Release|Any CPU = Release|Any CPU
	EndGlobalSection
	GlobalSection(ProjectConfigurationPlatforms) = postSolution
		{C04E0741-0692-4AF6-8C77-B85B8099B3CF}.Debug|Any CPU.ActiveCfg = Debug|Any CPU
		{C04E0741-0692-4AF6-8C77-B85B8099B3CF}.Debug|Any CPU.Build.0 = Debug|Any CPU
		{C04E0741-0692-4AF6-8C77-B85B8099B3CF}.Release|Any CPU.ActiveCfg = Release|Any CPU
		{C04E0741-0692-4AF6-8C77-B85B8099B3CF}.Release|Any CPU.Build.0 = Release|Any CPU
	EndGlobalSection
	GlobalSection(SolutionProperties) = preSolution
		HideSolutionNode = FALSE
	EndGlobalSection
	GlobalSection(ExtensibilityGlobals) = postSolution
		SolutionGuid = {90C10AB9-23D2-42B3-B8EF-5F73CE757907}
	EndGlobalSection
EndGlobal
